// !$*UTF8*$!
{
	archiveVersion = 1;
	classes = {
	};
	objectVersion = 50;
	objects = {

/* Begin PBXBuildFile section */
		8476F78C233B2AF700BED880 /* AppDelegate.swift in Sources */ = {isa = PBXBuildFile; fileRef = 8476F78B233B2AF700BED880 /* AppDelegate.swift */; };
		8476F78E233B2AF700BED880 /* ViewController.swift in Sources */ = {isa = PBXBuildFile; fileRef = 8476F78D233B2AF700BED880 /* ViewController.swift */; };
		8476F791233B2AF800BED880 /* Main.storyboard in Resources */ = {isa = PBXBuildFile; fileRef = 8476F78F233B2AF800BED880 /* Main.storyboard */; };
		8476F794233B2AF800BED880 /* LoadingDataWithNetworking.xcdatamodeld in Sources */ = {isa = PBXBuildFile; fileRef = 8476F792233B2AF800BED880 /* LoadingDataWithNetworking.xcdatamodeld */; };
		8476F796233B2AFB00BED880 /* Assets.xcassets in Resources */ = {isa = PBXBuildFile; fileRef = 8476F795233B2AFB00BED880 /* Assets.xcassets */; };
		8476F799233B2AFB00BED880 /* LaunchScreen.storyboard in Resources */ = {isa = PBXBuildFile; fileRef = 8476F797233B2AFB00BED880 /* LaunchScreen.storyboard */; };
		8476F7A1233B2CB600BED880 /* TableViewController.swift in Sources */ = {isa = PBXBuildFile; fileRef = 8476F7A0233B2CB600BED880 /* TableViewController.swift */; };
/* End PBXBuildFile section */

/* Begin PBXFileReference section */
		8476F788233B2AF700BED880 /* LoadingDataWithNetworking.app */ = {isa = PBXFileReference; explicitFileType = wrapper.application; includeInIndex = 0; path = LoadingDataWithNetworking.app; sourceTree = BUILT_PRODUCTS_DIR; };
		8476F78B233B2AF700BED880 /* AppDelegate.swift */ = {isa = PBXFileReference; lastKnownFileType = sourcecode.swift; path = AppDelegate.swift; sourceTree = "<group>"; };
		8476F78D233B2AF700BED880 /* ViewController.swift */ = {isa = PBXFileReference; lastKnownFileType = sourcecode.swift; path = ViewController.swift; sourceTree = "<group>"; };
		8476F790233B2AF800BED880 /* Base */ = {isa = PBXFileReference; lastKnownFileType = file.storyboard; name = Base; path = Base.lproj/Main.storyboard; sourceTree = "<group>"; };
		8476F793233B2AF800BED880 /* LoadingDataWithNetworking.xcdatamodel */ = {isa = PBXFileReference; lastKnownFileType = wrapper.xcdatamodel; path = LoadingDataWithNetworking.xcdatamodel; sourceTree = "<group>"; };
		8476F795233B2AFB00BED880 /* Assets.xcassets */ = {isa = PBXFileReference; lastKnownFileType = folder.assetcatalog; path = Assets.xcassets; sourceTree = "<group>"; };
		8476F798233B2AFB00BED880 /* Base */ = {isa = PBXFileReference; lastKnownFileType = file.storyboard; name = Base; path = Base.lproj/LaunchScreen.storyboard; sourceTree = "<group>"; };
		8476F79A233B2AFB00BED880 /* Info.plist */ = {isa = PBXFileReference; lastKnownFileType = text.plist.xml; path = Info.plist; sourceTree = "<group>"; };
		8476F7A0233B2CB600BED880 /* TableViewController.swift */ = {isa = PBXFileReference; lastKnownFileType = sourcecode.swift; path = TableViewController.swift; sourceTree = "<group>"; };
/* End PBXFileReference section */

/* Begin PBXFrameworksBuildPhase section */
		8476F785233B2AF700BED880 /* Frameworks */ = {
			isa = PBXFrameworksBuildPhase;
			buildActionMask = 2147483647;
			files = (
			);
			runOnlyForDeploymentPostprocessing = 0;
		};
/* End PBXFrameworksBuildPhase section */

/* Begin PBXGroup section */
		8476F77F233B2AF700BED880 = {
			isa = PBXGroup;
			children = (
				8476F78A233B2AF700BED880 /* LoadingDataWithNetworking */,
				8476F789233B2AF700BED880 /* Products */,
			);
			sourceTree = "<group>";
		};
		8476F789233B2AF700BED880 /* Products */ = {
			isa = PBXGroup;
			children = (
				8476F788233B2AF700BED880 /* LoadingDataWithNetworking.app */,
			);
			name = Products;
			sourceTree = "<group>";
		};
		8476F78A233B2AF700BED880 /* LoadingDataWithNetworking */ = {
			isa = PBXGroup;
			children = (
				8476F78B233B2AF700BED880 /* AppDelegate.swift */,
				8476F78D233B2AF700BED880 /* ViewController.swift */,
				8476F78F233B2AF800BED880 /* Main.storyboard */,
				8476F7A0233B2CB600BED880 /* TableViewController.swift */,
				8476F795233B2AFB00BED880 /* Assets.xcassets */,
				8476F797233B2AFB00BED880 /* LaunchScreen.storyboard */,
				8476F79A233B2AFB00BED880 /* Info.plist */,
				8476F792233B2AF800BED880 /* LoadingDataWithNetworking.xcdatamodeld */,
			);
			path = LoadingDataWithNetworking;
			sourceTree = "<group>";
		};
/* End PBXGroup section */

/* Begin PBXNativeTarget section */
		8476F787233B2AF700BED880 /* LoadingDataWithNetworking */ = {
			isa = PBXNativeTarget;
			buildConfigurationList = 8476F79D233B2AFB00BED880 /* Build configuration list for PBXNativeTarget "LoadingDataWithNetworking" */;
			buildPhases = (
				8476F784233B2AF700BED880 /* Sources */,
				8476F785233B2AF700BED880 /* Frameworks */,
				8476F786233B2AF700BED880 /* Resources */,
			);
			buildRules = (
			);
			dependencies = (
			);
			name = LoadingDataWithNetworking;
			productName = LoadingDataWithNetworking;
			productReference = 8476F788233B2AF700BED880 /* LoadingDataWithNetworking.app */;
			productType = "com.apple.product-type.application";
		};
/* End PBXNativeTarget section */

/* Begin PBXProject section */
		8476F780233B2AF700BED880 /* Project object */ = {
			isa = PBXProject;
			attributes = {
				LastSwiftUpdateCheck = 1020;
				LastUpgradeCheck = 1020;
				ORGANIZATIONNAME = Addie;
				TargetAttributes = {
					8476F787233B2AF700BED880 = {
						CreatedOnToolsVersion = 10.2.1;
					};
				};
			};
			buildConfigurationList = 8476F783233B2AF700BED880 /* Build configuration list for PBXProject "LoadingDataWithNetworking" */;
			compatibilityVersion = "Xcode 9.3";
			developmentRegion = en;
			hasScannedForEncodings = 0;
			knownRegions = (
				en,
				Base,
			);
			mainGroup = 8476F77F233B2AF700BED880;
			productRefGroup = 8476F789233B2AF700BED880 /* Products */;
			projectDirPath = "";
			projectRoot = "";
			targets = (
				8476F787233B2AF700BED880 /* LoadingDataWithNetworking */,
			);
		};
/* End PBXProject section */

/* Begin PBXResourcesBuildPhase section */
		8476F786233B2AF700BED880 /* Resources */ = {
			isa = PBXResourcesBuildPhase;
			buildActionMask = 2147483647;
			files = (
				8476F799233B2AFB00BED880 /* LaunchScreen.storyboard in Resources */,
				8476F796233B2AFB00BED880 /* Assets.xcassets in Resources */,
				8476F791233B2AF800BED880 /* Main.storyboard in Resources */,
			);
			runOnlyForDeploymentPostprocessing = 0;
		};
/* End PBXResourcesBuildPhase section */

/* Begin PBXSourcesBuildPhase section */
		8476F784233B2AF700BED880 /* Sources */ = {
			isa = PBXSourcesBuildPhase;
			buildActionMask = 2147483647;
			files = (
				8476F78E233B2AF700BED880 /* ViewController.swift in Sources */,
				8476F794233B2AF800BED880 /* LoadingDataWithNetworking.xcdatamodeld in Sources */,
				8476F78C233B2AF700BED880 /* AppDelegate.swift in Sources */,
				8476F7A1233B2CB600BED880 /* TableViewController.swift in Sources */,
			);
			runOnlyForDeploymentPostprocessing = 0;
		};
/* End PBXSourcesBuildPhase section */

/* Begin PBXVariantGroup section */
		8476F78F233B2AF800BED880 /* Main.storyboard */ = {
			isa = PBXVariantGroup;
			children = (
				8476F790233B2AF800BED880 /* Base */,
			);
			name = Main.storyboard;
			sourceTree = "<group>";
		};
		8476F797233B2AFB00BED880 /* LaunchScreen.storyboard */ = {
			isa = PBXVariantGroup;
			children = (
				8476F798233B2AFB00BED880 /* Base */,
			);
			name = LaunchScreen.storyboard;
			sourceTree = "<group>";
		};
/* End PBXVariantGroup section */

/* Begin XCBuildConfiguration section */
		8476F79B233B2AFB00BED880 /* Debug */ = {
			isa = XCBuildConfiguration;
			buildSettings = {
				ALWAYS_SEARCH_USER_PATHS = NO;
				CLANG_ANALYZER_NONNULL = YES;
				CLANG_ANALYZER_NUMBER_OBJECT_CONVERSION = YES_AGGRESSIVE;
				CLANG_CXX_LANGUAGE_STANDARD = "gnu++14";
				CLANG_CXX_LIBRARY = "libc++";
				CLANG_ENABLE_MODULES = YES;
				CLANG_ENABLE_OBJC_ARC = YES;
				CLANG_ENABLE_OBJC_WEAK = YES;
				CLANG_WARN_BLOCK_CAPTURE_AUTORELEASING = YES;
				CLANG_WARN_BOOL_CONVERSION = YES;
				CLANG_WARN_COMMA = YES;
				CLANG_WARN_CONSTANT_CONVERSION = YES;
				CLANG_WARN_DEPRECATED_OBJC_IMPLEMENTATIONS = YES;
				CLANG_WARN_DIRECT_OBJC_ISA_USAGE = YES_ERROR;
				CLANG_WARN_DOCUMENTATION_COMMENTS = YES;
				CLANG_WARN_EMPTY_BODY = YES;
				CLANG_WARN_ENUM_CONVERSION = YES;
				CLANG_WARN_INFINITE_RECURSION = YES;
				CLANG_WARN_INT_CONVERSION = YES;
				CLANG_WARN_NON_LITERAL_NULL_CONVERSION = YES;
				CLANG_WARN_OBJC_IMPLICIT_RETAIN_SELF = YES;
				CLANG_WARN_OBJC_LITERAL_CONVERSION = YES;
				CLANG_WARN_OBJC_ROOT_CLASS = YES_ERROR;
				CLANG_WARN_RANGE_LOOP_ANALYSIS = YES;
				CLANG_WARN_STRICT_PROTOTYPES = YES;
				CLANG_WARN_SUSPICIOUS_MOVE = YES;
				CLANG_WARN_UNGUARDED_AVAILABILITY = YES_AGGRESSIVE;
				CLANG_WARN_UNREACHABLE_CODE = YES;
				CLANG_WARN__DUPLICATE_METHOD_MATCH = YES;
				CODE_SIGN_IDENTITY = "iPhone Developer";
				COPY_PHASE_STRIP = NO;
				DEBUG_INFORMATION_FORMAT = dwarf;
				ENABLE_STRICT_OBJC_MSGSEND = YES;
				ENABLE_TESTABILITY = YES;
				GCC_C_LANGUAGE_STANDARD = gnu11;
				GCC_DYNAMIC_NO_PIC = NO;
				GCC_NO_COMMON_BLOCKS = YES;
				GCC_OPTIMIZATION_LEVEL = 0;
				GCC_PREPROCESSOR_DEFINITIONS = (
					"DEBUG=1",
					"$(inherited)",
				);
				GCC_WARN_64_TO_32_BIT_CONVERSION = YES;
				GCC_WARN_ABOUT_RETURN_TYPE = YES_ERROR;
				GCC_WARN_UNDECLARED_SELECTOR = YES;
				GCC_WARN_UNINITIALIZED_AUTOS = YES_AGGRESSIVE;
				GCC_WARN_UNUSED_FUNCTION = YES;
				GCC_WARN_UNUSED_VARIABLE = YES;
				IPHONEOS_DEPLOYMENT_TARGET = 12.2;
				MTL_ENABLE_DEBUG_INFO = INCLUDE_SOURCE;
				MTL_FAST_MATH = YES;
				ONLY_ACTIVE_ARCH = YES;
				SDKROOT = iphoneos;
				SWIFT_ACTIVE_COMPILATION_CONDITIONS = DEBUG;
				SWIFT_OPTIMIZATION_LEVEL = "-Onone";
			};
			name = Debug;
		};
		8476F79C233B2AFB00BED880 /* Release */ = {
			isa = XCBuildConfiguration;
			buildSettings = {
				ALWAYS_SEARCH_USER_PATHS = NO;
				CLANG_ANALYZER_NONNULL = YES;
				CLANG_ANALYZER_NUMBER_OBJECT_CONVERSION = YES_AGGRESSIVE;
				CLANG_CXX_LANGUAGE_STANDARD = "gnu++14";
				CLANG_CXX_LIBRARY = "libc++";
				CLANG_ENABLE_MODULES = YES;
				CLANG_ENABLE_OBJC_ARC = YES;
				CLANG_ENABLE_OBJC_WEAK = YES;
				CLANG_WARN_BLOCK_CAPTURE_AUTORELEASING = YES;
				CLANG_WARN_BOOL_CONVERSION = YES;
				CLANG_WARN_COMMA = YES;
				CLANG_WARN_CONSTANT_CONVERSION = YES;
				CLANG_WARN_DEPRECATED_OBJC_IMPLEMENTATIONS = YES;
				CLANG_WARN_DIRECT_OBJC_ISA_USAGE = YES_ERROR;
				CLANG_WARN_DOCUMENTATION_COMMENTS = YES;
				CLANG_WARN_EMPTY_BODY = YES;
				CLANG_WARN_ENUM_CONVERSION = YES;
				CLANG_WARN_INFINITE_RECURSION = YES;
				CLANG_WARN_INT_CONVERSION = YES;
				CLANG_WARN_NON_LITERAL_NULL_CONVERSION = YES;
				CLANG_WARN_OBJC_IMPLICIT_RETAIN_SELF = YES;
				CLANG_WARN_OBJC_LITERAL_CONVERSION = YES;
				CLANG_WARN_OBJC_ROOT_CLASS = YES_ERROR;
				CLANG_WARN_RANGE_LOOP_ANALYSIS = YES;
				CLANG_WARN_STRICT_PROTOTYPES = YES;
				CLANG_WARN_SUSPICIOUS_MOVE = YES;
				CLANG_WARN_UNGUARDED_AVAILABILITY = YES_AGGRESSIVE;
				CLANG_WARN_UNREACHABLE_CODE = YES;
				CLANG_WARN__DUPLICATE_METHOD_MATCH = YES;
				CODE_SIGN_IDENTITY = "iPhone Developer";
				COPY_PHASE_STRIP = NO;
				DEBUG_INFORMATION_FORMAT = "dwarf-with-dsym";
				ENABLE_NS_ASSERTIONS = NO;
				ENABLE_STRICT_OBJC_MSGSEND = YES;
				GCC_C_LANGUAGE_STANDARD = gnu11;
				GCC_NO_COMMON_BLOCKS = YES;
				GCC_WARN_64_TO_32_BIT_CONVERSION = YES;
				GCC_WARN_ABOUT_RETURN_TYPE = YES_ERROR;
				GCC_WARN_UNDECLARED_SELECTOR = YES;
				GCC_WARN_UNINITIALIZED_AUTOS = YES_AGGRESSIVE;
				GCC_WARN_UNUSED_FUNCTION = YES;
				GCC_WARN_UNUSED_VARIABLE = YES;
				IPHONEOS_DEPLOYMENT_TARGET = 12.2;
				MTL_ENABLE_DEBUG_INFO = NO;
				MTL_FAST_MATH = YES;
				SDKROOT = iphoneos;
				SWIFT_COMPILATION_MODE = wholemodule;
				SWIFT_OPTIMIZATION_LEVEL = "-O";
				VALIDATE_PRODUCT = YES;
			};
			name = Release;
		};
		8476F79E233B2AFB00BED880 /* Debug */ = {
			isa = XCBuildConfiguration;
			buildSettings = {
				ASSETCATALOG_COMPILER_APPICON_NAME = AppIcon;
				CODE_SIGN_STYLE = Automatic;
				DEVELOPMENT_TEAM = RFGGT46LTQ;
				INFOPLIST_FILE = LoadingDataWithNetworking/Info.plist;
				LD_RUNPATH_SEARCH_PATHS = (
					"$(inherited)",
					"@executable_path/Frameworks",
				);
				PRODUCT_BUNDLE_IDENTIFIER = n.LoadingDataWithNetworking;
				PRODUCT_NAME = "$(TARGET_NAME)";
				SWIFT_VERSION = 5.0;
				TARGETED_DEVICE_FAMILY = "1,2";
			};
			name = Debug;
		};
		8476F79F233B2AFB00BED880 /* Release */ = {
			isa = XCBuildConfiguration;
			buildSettings = {
				ASSETCATALOG_COMPILER_APPICON_NAME = AppIcon;
				CODE_SIGN_STYLE = Automatic;
				DEVELOPMENT_TEAM = RFGGT46LTQ;
				INFOPLIST_FILE = LoadingDataWithNetworking/Info.plist;
				LD_RUNPATH_SEARCH_PATHS = (
					"$(inherited)",
					"@executable_path/Frameworks",
				);
				PRODUCT_BUNDLE_IDENTIFIER = n.LoadingDataWithNetworking;
				PRODUCT_NAME = "$(TARGET_NAME)";
				SWIFT_VERSION = 5.0;
				TARGETED_DEVICE_FAMILY = "1,2";
			};
			name = Release;
		};
/* End XCBuildConfiguration section */

/* Begin XCConfigurationList section */
		8476F783233B2AF700BED880 /* Build configuration list for PBXProject "LoadingDataWithNetworking" */ = {
			isa = XCConfigurationList;
			buildConfigurations = (
				8476F79B233B2AFB00BED880 /* Debug */,
				8476F79C233B2AFB00BED880 /* Release */,
			);
			defaultConfigurationIsVisible = 0;
			defaultConfigurationName = Release;
		};
		8476F79D233B2AFB00BED880 /* Build configuration list for PBXNativeTarget "LoadingDataWithNetworking" */ = {
			isa = XCConfigurationList;
			buildConfigurations = (
				8476F79E233B2AFB00BED880 /* Debug */,
				8476F79F233B2AFB00BED880 /* Release */,
			);
			defaultConfigurationIsVisible = 0;
			defaultConfigurationName = Release;
		};
/* End XCConfigurationList section */

/* Begin XCVersionGroup section */
		8476F792233B2AF800BED880 /* LoadingDataWithNetworking.xcdatamodeld */ = {
			isa = XCVersionGroup;
			children = (
				8476F793233B2AF800BED880 /* LoadingDataWithNetworking.xcdatamodel */,
			);
			currentVersion = 8476F793233B2AF800BED880 /* LoadingDataWithNetworking.xcdatamodel */;
			path = LoadingDataWithNetworking.xcdatamodeld;
			sourceTree = "<group>";
			versionGroupType = wrapper.xcdatamodel;
		};
/* End XCVersionGroup section */
	};
	rootObject = 8476F780233B2AF700BED880 /* Project object */;
}
